
Microsoft Visual Studio Solution File, Format Version 12.00
# Visual Studio 15
VisualStudioVersion = 15.0.28307.271
MinimumVisualStudioVersion = 10.0.40219.1
Project("{2150E333-8FDC-42A3-9474-1A3956D46DE8}") = "Basic Level 乙级", "Basic Level 乙级", "{55E30DAC-4A01-4865-850B-515868CEDE5D}"
EndProject
Project("{2150E333-8FDC-42A3-9474-1A3956D46DE8}") = "Advanced Level 甲级", "Advanced Level 甲级", "{532D4629-C0E3-4148-9447-24BAE67884E6}"
EndProject
Project("{8BC9CEB8-8B4A-11D0-8D11-00A0C91BC942}") = "1001 害死人不偿命的(3n+1)猜想", "1001 害死人不偿命的(3n+1)猜想\1001 害死人不偿命的(3n+1)猜想.vcxproj", "{C50E11BF-F7E5-4ECF-B28E-02C5621CC43D}"
EndProject
Project("{8BC9CEB8-8B4A-11D0-8D11-00A0C91BC942}") = "1002 写出这个数", "1002 写出这个数\1002 写出这个数.vcxproj", "{7F5F48E7-7A6E-46CA-846E-F12FB993AD04}"
EndProject
Project("{8BC9CEB8-8B4A-11D0-8D11-00A0C91BC942}") = "1003 我要通过！", "1003 我要通过！\1003 我要通过！.vcxproj", "{2501D0B9-FC59-44E9-9509-786F6D15F170}"
EndProject
Project("{8BC9CEB8-8B4A-11D0-8D11-00A0C91BC942}") = "1004 成绩排名", "1004 成绩排名\1004 成绩排名.vcxproj", "{6F7829B6-82B8-46C5-80F9-F9EA98791219}"
EndProject
Project("{8BC9CEB8-8B4A-11D0-8D11-00A0C91BC942}") = "1005 继续(3n+1)猜想", "1005 继续(3n+1)猜想\1005 继续(3n+1)猜想.vcxproj", "{990C3356-48DA-4CB4-B247-9D90B29D3EA4}"
EndProject
Project("{8BC9CEB8-8B4A-11D0-8D11-00A0C91BC942}") = "1006 换个格式输出整数", "1006 换个格式输出整数\1006 换个格式输出整数.vcxproj", "{6F5EEC85-6315-493C-9F4E-8CFAADB62D3A}"
EndProject
Project("{8BC9CEB8-8B4A-11D0-8D11-00A0C91BC942}") = "1007 素数对猜想", "1007 素数对猜想\1007 素数对猜想.vcxproj", "{AB027328-7F5B-4664-B59E-5C66D7084464}"
EndProject
Project("{8BC9CEB8-8B4A-11D0-8D11-00A0C91BC942}") = "1008 数组元素循环右移问题", "1008 数组元素循环右移问题\1008 数组元素循环右移问题.vcxproj", "{04BD1F73-A401-449B-A5F1-28E771F73301}"
EndProject
Project("{8BC9CEB8-8B4A-11D0-8D11-00A0C91BC942}") = "1009 说反话", "1009 说反话\1009 说反话.vcxproj", "{CAC4B5CB-4D08-4751-AC20-96B8DED3DACD}"
EndProject
Project("{8BC9CEB8-8B4A-11D0-8D11-00A0C91BC942}") = "1010 一元多项式求导", "1010 一元多项式求导\1010 一元多项式求导.vcxproj", "{C8BD128E-88DE-48D4-88B7-FF7E5CC689C3}"
EndProject
Project("{8BC9CEB8-8B4A-11D0-8D11-00A0C91BC942}") = "1011 A+B 和 C", "1011 A+B 和 C\1011 A+B 和 C.vcxproj", "{376B6027-63D5-4036-A685-0A1D34D45790}"
EndProject
Project("{8BC9CEB8-8B4A-11D0-8D11-00A0C91BC942}") = "1012 数字分类", "1012 数字分类\1012 数字分类.vcxproj", "{858A6256-D3AE-4ECD-964A-3E0F207C2F5C}"
EndProject
Project("{8BC9CEB8-8B4A-11D0-8D11-00A0C91BC942}") = "1013 数素数", "1013 数素数\1013 数素数.vcxproj", "{05D0B2D3-319F-4E48-960B-C6D26CB4A0FD}"
EndProject
Project("{8BC9CEB8-8B4A-11D0-8D11-00A0C91BC942}") = "1014 福尔摩斯的约会", "1014 福尔摩斯的约会\1014 福尔摩斯的约会.vcxproj", "{F13DA276-47CB-4CB9-AF1A-3D856CD04EB0}"
EndProject
Project("{8BC9CEB8-8B4A-11D0-8D11-00A0C91BC942}") = "1015 德才论", "1015 德才论\1015 德才论.vcxproj", "{B95BE8AB-2083-4F23-B3FD-DA6DC5C81887}"
EndProject
Project("{8BC9CEB8-8B4A-11D0-8D11-00A0C91BC942}") = "1016 部分A+B", "1016 部分A+B\1016 部分A+B.vcxproj", "{9997215B-7240-43A7-8670-4346DBB1E350}"
EndProject
Project("{8BC9CEB8-8B4A-11D0-8D11-00A0C91BC942}") = "1017 A除以B", "1017 A除以B\1017 A除以B.vcxproj", "{A44C305A-73BE-4D8D-A9E2-2BAE419CCB8A}"
EndProject
Global
	GlobalSection(SolutionConfigurationPlatforms) = preSolution
		Debug|x64 = Debug|x64
		Debug|x86 = Debug|x86
		Release|x64 = Release|x64
		Release|x86 = Release|x86
	EndGlobalSection
	GlobalSection(ProjectConfigurationPlatforms) = postSolution
		{C50E11BF-F7E5-4ECF-B28E-02C5621CC43D}.Debug|x64.ActiveCfg = Debug|x64
		{C50E11BF-F7E5-4ECF-B28E-02C5621CC43D}.Debug|x64.Build.0 = Debug|x64
		{C50E11BF-F7E5-4ECF-B28E-02C5621CC43D}.Debug|x86.ActiveCfg = Debug|Win32
		{C50E11BF-F7E5-4ECF-B28E-02C5621CC43D}.Debug|x86.Build.0 = Debug|Win32
		{C50E11BF-F7E5-4ECF-B28E-02C5621CC43D}.Release|x64.ActiveCfg = Release|x64
		{C50E11BF-F7E5-4ECF-B28E-02C5621CC43D}.Release|x64.Build.0 = Release|x64
		{C50E11BF-F7E5-4ECF-B28E-02C5621CC43D}.Release|x86.ActiveCfg = Release|Win32
		{C50E11BF-F7E5-4ECF-B28E-02C5621CC43D}.Release|x86.Build.0 = Release|Win32
		{7F5F48E7-7A6E-46CA-846E-F12FB993AD04}.Debug|x64.ActiveCfg = Debug|x64
		{7F5F48E7-7A6E-46CA-846E-F12FB993AD04}.Debug|x64.Build.0 = Debug|x64
		{7F5F48E7-7A6E-46CA-846E-F12FB993AD04}.Debug|x86.ActiveCfg = Debug|Win32
		{7F5F48E7-7A6E-46CA-846E-F12FB993AD04}.Debug|x86.Build.0 = Debug|Win32
		{7F5F48E7-7A6E-46CA-846E-F12FB993AD04}.Release|x64.ActiveCfg = Release|x64
		{7F5F48E7-7A6E-46CA-846E-F12FB993AD04}.Release|x64.Build.0 = Release|x64
		{7F5F48E7-7A6E-46CA-846E-F12FB993AD04}.Release|x86.ActiveCfg = Release|Win32
		{7F5F48E7-7A6E-46CA-846E-F12FB993AD04}.Release|x86.Build.0 = Release|Win32
		{2501D0B9-FC59-44E9-9509-786F6D15F170}.Debug|x64.ActiveCfg = Debug|x64
		{2501D0B9-FC59-44E9-9509-786F6D15F170}.Debug|x64.Build.0 = Debug|x64
		{2501D0B9-FC59-44E9-9509-786F6D15F170}.Debug|x86.ActiveCfg = Debug|Win32
		{2501D0B9-FC59-44E9-9509-786F6D15F170}.Debug|x86.Build.0 = Debug|Win32
		{2501D0B9-FC59-44E9-9509-786F6D15F170}.Release|x64.ActiveCfg = Release|x64
		{2501D0B9-FC59-44E9-9509-786F6D15F170}.Release|x64.Build.0 = Release|x64
		{2501D0B9-FC59-44E9-9509-786F6D15F170}.Release|x86.ActiveCfg = Release|Win32
		{2501D0B9-FC59-44E9-9509-786F6D15F170}.Release|x86.Build.0 = Release|Win32
		{6F7829B6-82B8-46C5-80F9-F9EA98791219}.Debug|x64.ActiveCfg = Debug|x64
		{6F7829B6-82B8-46C5-80F9-F9EA98791219}.Debug|x64.Build.0 = Debug|x64
		{6F7829B6-82B8-46C5-80F9-F9EA98791219}.Debug|x86.ActiveCfg = Debug|Win32
		{6F7829B6-82B8-46C5-80F9-F9EA98791219}.Debug|x86.Build.0 = Debug|Win32
		{6F7829B6-82B8-46C5-80F9-F9EA98791219}.Release|x64.ActiveCfg = Release|x64
		{6F7829B6-82B8-46C5-80F9-F9EA98791219}.Release|x64.Build.0 = Release|x64
		{6F7829B6-82B8-46C5-80F9-F9EA98791219}.Release|x86.ActiveCfg = Release|Win32
		{6F7829B6-82B8-46C5-80F9-F9EA98791219}.Release|x86.Build.0 = Release|Win32
		{990C3356-48DA-4CB4-B247-9D90B29D3EA4}.Debug|x64.ActiveCfg = Debug|x64
		{990C3356-48DA-4CB4-B247-9D90B29D3EA4}.Debug|x64.Build.0 = Debug|x64
		{990C3356-48DA-4CB4-B247-9D90B29D3EA4}.Debug|x86.ActiveCfg = Debug|Win32
		{990C3356-48DA-4CB4-B247-9D90B29D3EA4}.Debug|x86.Build.0 = Debug|Win32
		{990C3356-48DA-4CB4-B247-9D90B29D3EA4}.Release|x64.ActiveCfg = Release|x64
		{990C3356-48DA-4CB4-B247-9D90B29D3EA4}.Release|x64.Build.0 = Release|x64
		{990C3356-48DA-4CB4-B247-9D90B29D3EA4}.Release|x86.ActiveCfg = Release|Win32
		{990C3356-48DA-4CB4-B247-9D90B29D3EA4}.Release|x86.Build.0 = Release|Win32
		{6F5EEC85-6315-493C-9F4E-8CFAADB62D3A}.Debug|x64.ActiveCfg = Debug|x64
		{6F5EEC85-6315-493C-9F4E-8CFAADB62D3A}.Debug|x64.Build.0 = Debug|x64
		{6F5EEC85-6315-493C-9F4E-8CFAADB62D3A}.Debug|x86.ActiveCfg = Debug|Win32
		{6F5EEC85-6315-493C-9F4E-8CFAADB62D3A}.Debug|x86.Build.0 = Debug|Win32
		{6F5EEC85-6315-493C-9F4E-8CFAADB62D3A}.Release|x64.ActiveCfg = Release|x64
		{6F5EEC85-6315-493C-9F4E-8CFAADB62D3A}.Release|x64.Build.0 = Release|x64
		{6F5EEC85-6315-493C-9F4E-8CFAADB62D3A}.Release|x86.ActiveCfg = Release|Win32
		{6F5EEC85-6315-493C-9F4E-8CFAADB62D3A}.Release|x86.Build.0 = Release|Win32
		{AB027328-7F5B-4664-B59E-5C66D7084464}.Debug|x64.ActiveCfg = Debug|x64
		{AB027328-7F5B-4664-B59E-5C66D7084464}.Debug|x64.Build.0 = Debug|x64
		{AB027328-7F5B-4664-B59E-5C66D7084464}.Debug|x86.ActiveCfg = Debug|Win32
		{AB027328-7F5B-4664-B59E-5C66D7084464}.Debug|x86.Build.0 = Debug|Win32
		{AB027328-7F5B-4664-B59E-5C66D7084464}.Release|x64.ActiveCfg = Release|x64
		{AB027328-7F5B-4664-B59E-5C66D7084464}.Release|x64.Build.0 = Release|x64
		{AB027328-7F5B-4664-B59E-5C66D7084464}.Release|x86.ActiveCfg = Release|Win32
		{AB027328-7F5B-4664-B59E-5C66D7084464}.Release|x86.Build.0 = Release|Win32
		{04BD1F73-A401-449B-A5F1-28E771F73301}.Debug|x64.ActiveCfg = Debug|x64
		{04BD1F73-A401-449B-A5F1-28E771F73301}.Debug|x64.Build.0 = Debug|x64
		{04BD1F73-A401-449B-A5F1-28E771F73301}.Debug|x86.ActiveCfg = Debug|Win32
		{04BD1F73-A401-449B-A5F1-28E771F73301}.Debug|x86.Build.0 = Debug|Win32
		{04BD1F73-A401-449B-A5F1-28E771F73301}.Release|x64.ActiveCfg = Release|x64
		{04BD1F73-A401-449B-A5F1-28E771F73301}.Release|x64.Build.0 = Release|x64
		{04BD1F73-A401-449B-A5F1-28E771F73301}.Release|x86.ActiveCfg = Release|Win32
		{04BD1F73-A401-449B-A5F1-28E771F73301}.Release|x86.Build.0 = Release|Win32
		{CAC4B5CB-4D08-4751-AC20-96B8DED3DACD}.Debug|x64.ActiveCfg = Debug|x64
		{CAC4B5CB-4D08-4751-AC20-96B8DED3DACD}.Debug|x64.Build.0 = Debug|x64
		{CAC4B5CB-4D08-4751-AC20-96B8DED3DACD}.Debug|x86.ActiveCfg = Debug|Win32
		{CAC4B5CB-4D08-4751-AC20-96B8DED3DACD}.Debug|x86.Build.0 = Debug|Win32
		{CAC4B5CB-4D08-4751-AC20-96B8DED3DACD}.Release|x64.ActiveCfg = Release|x64
		{CAC4B5CB-4D08-4751-AC20-96B8DED3DACD}.Release|x64.Build.0 = Release|x64
		{CAC4B5CB-4D08-4751-AC20-96B8DED3DACD}.Release|x86.ActiveCfg = Release|Win32
		{CAC4B5CB-4D08-4751-AC20-96B8DED3DACD}.Release|x86.Build.0 = Release|Win32
		{C8BD128E-88DE-48D4-88B7-FF7E5CC689C3}.Debug|x64.ActiveCfg = Debug|x64
		{C8BD128E-88DE-48D4-88B7-FF7E5CC689C3}.Debug|x64.Build.0 = Debug|x64
		{C8BD128E-88DE-48D4-88B7-FF7E5CC689C3}.Debug|x86.ActiveCfg = Debug|Win32
		{C8BD128E-88DE-48D4-88B7-FF7E5CC689C3}.Debug|x86.Build.0 = Debug|Win32
		{C8BD128E-88DE-48D4-88B7-FF7E5CC689C3}.Release|x64.ActiveCfg = Release|x64
		{C8BD128E-88DE-48D4-88B7-FF7E5CC689C3}.Release|x64.Build.0 = Release|x64
		{C8BD128E-88DE-48D4-88B7-FF7E5CC689C3}.Release|x86.ActiveCfg = Release|Win32
		{C8BD128E-88DE-48D4-88B7-FF7E5CC689C3}.Release|x86.Build.0 = Release|Win32
		{376B6027-63D5-4036-A685-0A1D34D45790}.Debug|x64.ActiveCfg = Debug|x64
		{376B6027-63D5-4036-A685-0A1D34D45790}.Debug|x64.Build.0 = Debug|x64
		{376B6027-63D5-4036-A685-0A1D34D45790}.Debug|x86.ActiveCfg = Debug|Win32
		{376B6027-63D5-4036-A685-0A1D34D45790}.Debug|x86.Build.0 = Debug|Win32
		{376B6027-63D5-4036-A685-0A1D34D45790}.Release|x64.ActiveCfg = Release|x64
		{376B6027-63D5-4036-A685-0A1D34D45790}.Release|x64.Build.0 = Release|x64
		{376B6027-63D5-4036-A685-0A1D34D45790}.Release|x86.ActiveCfg = Release|Win32
		{376B6027-63D5-4036-A685-0A1D34D45790}.Release|x86.Build.0 = Release|Win32
		{858A6256-D3AE-4ECD-964A-3E0F207C2F5C}.Debug|x64.ActiveCfg = Debug|x64
		{858A6256-D3AE-4ECD-964A-3E0F207C2F5C}.Debug|x64.Build.0 = Debug|x64
		{858A6256-D3AE-4ECD-964A-3E0F207C2F5C}.Debug|x86.ActiveCfg = Debug|Win32
		{858A6256-D3AE-4ECD-964A-3E0F207C2F5C}.Debug|x86.Build.0 = Debug|Win32
		{858A6256-D3AE-4ECD-964A-3E0F207C2F5C}.Release|x64.ActiveCfg = Release|x64
		{858A6256-D3AE-4ECD-964A-3E0F207C2F5C}.Release|x64.Build.0 = Release|x64
		{858A6256-D3AE-4ECD-964A-3E0F207C2F5C}.Release|x86.ActiveCfg = Release|Win32
		{858A6256-D3AE-4ECD-964A-3E0F207C2F5C}.Release|x86.Build.0 = Release|Win32
		{05D0B2D3-319F-4E48-960B-C6D26CB4A0FD}.Debug|x64.ActiveCfg = Debug|x64
		{05D0B2D3-319F-4E48-960B-C6D26CB4A0FD}.Debug|x64.Build.0 = Debug|x64
		{05D0B2D3-319F-4E48-960B-C6D26CB4A0FD}.Debug|x86.ActiveCfg = Debug|Win32
		{05D0B2D3-319F-4E48-960B-C6D26CB4A0FD}.Debug|x86.Build.0 = Debug|Win32
		{05D0B2D3-319F-4E48-960B-C6D26CB4A0FD}.Release|x64.ActiveCfg = Release|x64
		{05D0B2D3-319F-4E48-960B-C6D26CB4A0FD}.Release|x64.Build.0 = Release|x64
		{05D0B2D3-319F-4E48-960B-C6D26CB4A0FD}.Release|x86.ActiveCfg = Release|Win32
		{05D0B2D3-319F-4E48-960B-C6D26CB4A0FD}.Release|x86.Build.0 = Release|Win32
		{F13DA276-47CB-4CB9-AF1A-3D856CD04EB0}.Debug|x64.ActiveCfg = Debug|x64
		{F13DA276-47CB-4CB9-AF1A-3D856CD04EB0}.Debug|x64.Build.0 = Debug|x64
		{F13DA276-47CB-4CB9-AF1A-3D856CD04EB0}.Debug|x86.ActiveCfg = Debug|Win32
		{F13DA276-47CB-4CB9-AF1A-3D856CD04EB0}.Debug|x86.Build.0 = Debug|Win32
		{F13DA276-47CB-4CB9-AF1A-3D856CD04EB0}.Release|x64.ActiveCfg = Release|x64
		{F13DA276-47CB-4CB9-AF1A-3D856CD04EB0}.Release|x64.Build.0 = Release|x64
		{F13DA276-47CB-4CB9-AF1A-3D856CD04EB0}.Release|x86.ActiveCfg = Release|Win32
		{F13DA276-47CB-4CB9-AF1A-3D856CD04EB0}.Release|x86.Build.0 = Release|Win32
		{B95BE8AB-2083-4F23-B3FD-DA6DC5C81887}.Debug|x64.ActiveCfg = Debug|x64
		{B95BE8AB-2083-4F23-B3FD-DA6DC5C81887}.Debug|x64.Build.0 = Debug|x64
		{B95BE8AB-2083-4F23-B3FD-DA6DC5C81887}.Debug|x86.ActiveCfg = Debug|Win32
		{B95BE8AB-2083-4F23-B3FD-DA6DC5C81887}.Debug|x86.Build.0 = Debug|Win32
		{B95BE8AB-2083-4F23-B3FD-DA6DC5C81887}.Release|x64.ActiveCfg = Release|x64
		{B95BE8AB-2083-4F23-B3FD-DA6DC5C81887}.Release|x64.Build.0 = Release|x64
		{B95BE8AB-2083-4F23-B3FD-DA6DC5C81887}.Release|x86.ActiveCfg = Release|Win32
		{B95BE8AB-2083-4F23-B3FD-DA6DC5C81887}.Release|x86.Build.0 = Release|Win32
		{9997215B-7240-43A7-8670-4346DBB1E350}.Debug|x64.ActiveCfg = Debug|x64
		{9997215B-7240-43A7-8670-4346DBB1E350}.Debug|x64.Build.0 = Debug|x64
		{9997215B-7240-43A7-8670-4346DBB1E350}.Debug|x86.ActiveCfg = Debug|Win32
		{9997215B-7240-43A7-8670-4346DBB1E350}.Debug|x86.Build.0 = Debug|Win32
		{9997215B-7240-43A7-8670-4346DBB1E350}.Release|x64.ActiveCfg = Release|x64
		{9997215B-7240-43A7-8670-4346DBB1E350}.Release|x64.Build.0 = Release|x64
		{9997215B-7240-43A7-8670-4346DBB1E350}.Release|x86.ActiveCfg = Release|Win32
		{9997215B-7240-43A7-8670-4346DBB1E350}.Release|x86.Build.0 = Release|Win32
		{A44C305A-73BE-4D8D-A9E2-2BAE419CCB8A}.Debug|x64.ActiveCfg = Debug|x64
		{A44C305A-73BE-4D8D-A9E2-2BAE419CCB8A}.Debug|x64.Build.0 = Debug|x64
		{A44C305A-73BE-4D8D-A9E2-2BAE419CCB8A}.Debug|x86.ActiveCfg = Debug|Win32
		{A44C305A-73BE-4D8D-A9E2-2BAE419CCB8A}.Debug|x86.Build.0 = Debug|Win32
		{A44C305A-73BE-4D8D-A9E2-2BAE419CCB8A}.Release|x64.ActiveCfg = Release|x64
		{A44C305A-73BE-4D8D-A9E2-2BAE419CCB8A}.Release|x64.Build.0 = Release|x64
		{A44C305A-73BE-4D8D-A9E2-2BAE419CCB8A}.Release|x86.ActiveCfg = Release|Win32
		{A44C305A-73BE-4D8D-A9E2-2BAE419CCB8A}.Release|x86.Build.0 = Release|Win32
	EndGlobalSection
	GlobalSection(SolutionProperties) = preSolution
		HideSolutionNode = FALSE
	EndGlobalSection
	GlobalSection(NestedProjects) = preSolution
		{C50E11BF-F7E5-4ECF-B28E-02C5621CC43D} = {55E30DAC-4A01-4865-850B-515868CEDE5D}
		{7F5F48E7-7A6E-46CA-846E-F12FB993AD04} = {55E30DAC-4A01-4865-850B-515868CEDE5D}
		{2501D0B9-FC59-44E9-9509-786F6D15F170} = {55E30DAC-4A01-4865-850B-515868CEDE5D}
		{6F7829B6-82B8-46C5-80F9-F9EA98791219} = {55E30DAC-4A01-4865-850B-515868CEDE5D}
		{990C3356-48DA-4CB4-B247-9D90B29D3EA4} = {55E30DAC-4A01-4865-850B-515868CEDE5D}
		{6F5EEC85-6315-493C-9F4E-8CFAADB62D3A} = {55E30DAC-4A01-4865-850B-515868CEDE5D}
		{AB027328-7F5B-4664-B59E-5C66D7084464} = {55E30DAC-4A01-4865-850B-515868CEDE5D}
		{04BD1F73-A401-449B-A5F1-28E771F73301} = {55E30DAC-4A01-4865-850B-515868CEDE5D}
		{CAC4B5CB-4D08-4751-AC20-96B8DED3DACD} = {55E30DAC-4A01-4865-850B-515868CEDE5D}
		{C8BD128E-88DE-48D4-88B7-FF7E5CC689C3} = {55E30DAC-4A01-4865-850B-515868CEDE5D}
		{376B6027-63D5-4036-A685-0A1D34D45790} = {55E30DAC-4A01-4865-850B-515868CEDE5D}
		{858A6256-D3AE-4ECD-964A-3E0F207C2F5C} = {55E30DAC-4A01-4865-850B-515868CEDE5D}
		{05D0B2D3-319F-4E48-960B-C6D26CB4A0FD} = {55E30DAC-4A01-4865-850B-515868CEDE5D}
		{F13DA276-47CB-4CB9-AF1A-3D856CD04EB0} = {55E30DAC-4A01-4865-850B-515868CEDE5D}
		{B95BE8AB-2083-4F23-B3FD-DA6DC5C81887} = {55E30DAC-4A01-4865-850B-515868CEDE5D}
		{9997215B-7240-43A7-8670-4346DBB1E350} = {55E30DAC-4A01-4865-850B-515868CEDE5D}
		{A44C305A-73BE-4D8D-A9E2-2BAE419CCB8A} = {55E30DAC-4A01-4865-850B-515868CEDE5D}
	EndGlobalSection
	GlobalSection(ExtensibilityGlobals) = postSolution
		SolutionGuid = {483B40A3-BCF9-4F7C-B1DF-8971EEF2EE6B}
	EndGlobalSection
EndGlobal
